
Microsoft Visual Studio Solution File, Format Version 12.00
# Visual Studio 14
VisualStudioVersion = 14.0.24720.0
MinimumVisualStudioVersion = 10.0.40219.1
Project("{FAE04EC0-301F-11D3-BF4B-00C04F79EFBC}") = "HelloWorld", "HelloWorld\HelloWorld.csproj", "{9235CE5C-B384-4ED5-96D6-E8A17938F1DF}"
EndProject
Project("{FAE04EC0-301F-11D3-BF4B-00C04F79EFBC}") = "Pong", "Pong\Pong.csproj", "{E865D0AE-77DD-4F14-A34C-DC64F3A1C60F}"
EndProject
Project("{FAE04EC0-301F-11D3-BF4B-00C04F79EFBC}") = "Breakout", "Breakout\Breakout.csproj", "{760575F0-CB3E-4091-A4C9-17E674E31329}"
EndProject
Project("{FAE04EC0-301F-11D3-BF4B-00C04F79EFBC}") = "BreakoutBox2D", "BreakoutBox2D\BreakoutBox2D.csproj", "{07633D25-30D2-4121-8227-399DB99B2D72}"
EndProject
Global
	GlobalSection(SolutionConfigurationPlatforms) = preSolution
		Debug|Any CPU = Debug|Any CPU
		Debug|x64 = Debug|x64
		Debug|x86 = Debug|x86
		Release|Any CPU = Release|Any CPU
		Release|x64 = Release|x64
		Release|x86 = Release|x86
	EndGlobalSection
	GlobalSection(ProjectConfigurationPlatforms) = postSolution
		{9235CE5C-B384-4ED5-96D6-E8A17938F1DF}.Debug|Any CPU.ActiveCfg = Debug|Any CPU
		{9235CE5C-B384-4ED5-96D6-E8A17938F1DF}.Debug|x64.ActiveCfg = Debug|Any CPU
		{9235CE5C-B384-4ED5-96D6-E8A17938F1DF}.Debug|x64.Build.0 = Debug|Any CPU
		{9235CE5C-B384-4ED5-96D6-E8A17938F1DF}.Debug|x86.ActiveCfg = Debug|Any CPU
		{9235CE5C-B384-4ED5-96D6-E8A17938F1DF}.Debug|x86.Build.0 = Debug|Any CPU
		{9235CE5C-B384-4ED5-96D6-E8A17938F1DF}.Release|Any CPU.ActiveCfg = Release|Any CPU
		{9235CE5C-B384-4ED5-96D6-E8A17938F1DF}.Release|Any CPU.Build.0 = Release|Any CPU
		{9235CE5C-B384-4ED5-96D6-E8A17938F1DF}.Release|x64.ActiveCfg = Release|Any CPU
		{9235CE5C-B384-4ED5-96D6-E8A17938F1DF}.Release|x64.Build.0 = Release|Any CPU
		{9235CE5C-B384-4ED5-96D6-E8A17938F1DF}.Release|x86.ActiveCfg = Release|Any CPU
		{9235CE5C-B384-4ED5-96D6-E8A17938F1DF}.Release|x86.Build.0 = Release|Any CPU
		{E865D0AE-77DD-4F14-A34C-DC64F3A1C60F}.Debug|Any CPU.ActiveCfg = Debug|Any CPU
		{E865D0AE-77DD-4F14-A34C-DC64F3A1C60F}.Debug|x64.ActiveCfg = Debug|Any CPU
		{E865D0AE-77DD-4F14-A34C-DC64F3A1C60F}.Debug|x64.Build.0 = Debug|Any CPU
		{E865D0AE-77DD-4F14-A34C-DC64F3A1C60F}.Debug|x86.ActiveCfg = Debug|Any CPU
		{E865D0AE-77DD-4F14-A34C-DC64F3A1C60F}.Debug|x86.Build.0 = Debug|Any CPU
		{E865D0AE-77DD-4F14-A34C-DC64F3A1C60F}.Release|Any CPU.ActiveCfg = Release|Any CPU
		{E865D0AE-77DD-4F14-A34C-DC64F3A1C60F}.Release|Any CPU.Build.0 = Release|Any CPU
		{E865D0AE-77DD-4F14-A34C-DC64F3A1C60F}.Release|x64.ActiveCfg = Release|Any CPU
		{E865D0AE-77DD-4F14-A34C-DC64F3A1C60F}.Release|x64.Build.0 = Release|Any CPU
		{E865D0AE-77DD-4F14-A34C-DC64F3A1C60F}.Release|x86.ActiveCfg = Release|Any CPU
		{E865D0AE-77DD-4F14-A34C-DC64F3A1C60F}.Release|x86.Build.0 = Release|Any CPU
		{760575F0-CB3E-4091-A4C9-17E674E31329}.Debug|Any CPU.ActiveCfg = Debug|Any CPU
		{760575F0-CB3E-4091-A4C9-17E674E31329}.Debug|Any CPU.Build.0 = Debug|Any CPU
		{760575F0-CB3E-4091-A4C9-17E674E31329}.Debug|x64.ActiveCfg = Debug|Any CPU
		{760575F0-CB3E-4091-A4C9-17E674E31329}.Debug|x64.Build.0 = Debug|Any CPU
		{760575F0-CB3E-4091-A4C9-17E674E31329}.Debug|x86.ActiveCfg = Debug|Any CPU
		{760575F0-CB3E-4091-A4C9-17E674E31329}.Debug|x86.Build.0 = Debug|Any CPU
		{760575F0-CB3E-4091-A4C9-17E674E31329}.Release|Any CPU.ActiveCfg = Release|Any CPU
		{760575F0-CB3E-4091-A4C9-17E674E31329}.Release|Any CPU.Build.0 = Release|Any CPU
		{760575F0-CB3E-4091-A4C9-17E674E31329}.Release|x64.ActiveCfg = Release|Any CPU
		{760575F0-CB3E-4091-A4C9-17E674E31329}.Release|x64.Build.0 = Release|Any CPU
		{760575F0-CB3E-4091-A4C9-17E674E31329}.Release|x86.ActiveCfg = Release|Any CPU
		{760575F0-CB3E-4091-A4C9-17E674E31329}.Release|x86.Build.0 = Release|Any CPU
		{07633D25-30D2-4121-8227-399DB99B2D72}.Debug|Any CPU.ActiveCfg = Debug|Any CPU
		{07633D25-30D2-4121-8227-399DB99B2D72}.Debug|Any CPU.Build.0 = Debug|Any CPU
		{07633D25-30D2-4121-8227-399DB99B2D72}.Debug|x64.ActiveCfg = Debug|Any CPU
		{07633D25-30D2-4121-8227-399DB99B2D72}.Debug|x64.Build.0 = Debug|Any CPU
		{07633D25-30D2-4121-8227-399DB99B2D72}.Debug|x86.ActiveCfg = Debug|Any CPU
		{07633D25-30D2-4121-8227-399DB99B2D72}.Debug|x86.Build.0 = Debug|Any CPU
		{07633D25-30D2-4121-8227-399DB99B2D72}.Release|Any CPU.ActiveCfg = Release|Any CPU
		{07633D25-30D2-4121-8227-399DB99B2D72}.Release|Any CPU.Build.0 = Release|Any CPU
		{07633D25-30D2-4121-8227-399DB99B2D72}.Release|x64.ActiveCfg = Release|Any CPU
		{07633D25-30D2-4121-8227-399DB99B2D72}.Release|x64.Build.0 = Release|Any CPU
		{07633D25-30D2-4121-8227-399DB99B2D72}.Release|x86.ActiveCfg = Release|Any CPU
		{07633D25-30D2-4121-8227-399DB99B2D72}.Release|x86.Build.0 = Release|Any CPU
	EndGlobalSection
	GlobalSection(SolutionProperties) = preSolution
		HideSolutionNode = FALSE
	EndGlobalSection
EndGlobal
